
Microsoft Visual Studio Solution File, Format Version 12.00
# Visual Studio 14
VisualStudioVersion = 14.0.23107.0
MinimumVisualStudioVersion = 10.0.40219.1
Project("{FAE04EC0-301F-11D3-BF4B-00C04F79EFBC}") = "Chess", "Chess\Chess.csproj", "{F018BD3C-2C7B-4D8D-8A99-CD840D03376A}"
EndProject
Project("{FAE04EC0-301F-11D3-BF4B-00C04F79EFBC}") = "Chess.Tests", "Chess.Tests\Chess.Tests.csproj", "{00475AE6-9C00-4100-A736-57FC2CF9589B}"
EndProject
Global
	GlobalSection(SolutionConfigurationPlatforms) = preSolution
		Debug|Any CPU = Debug|Any CPU
		Release|Any CPU = Release|Any CPU
	EndGlobalSection
	GlobalSection(ProjectConfigurationPlatforms) = postSolution
		{F018BD3C-2C7B-4D8D-8A99-CD840D03376A}.Debug|Any CPU.ActiveCfg = Debug|Any CPU
		{F018BD3C-2C7B-4D8D-8A99-CD840D03376A}.Debug|Any CPU.Build.0 = Debug|Any CPU
		{F018BD3C-2C7B-4D8D-8A99-CD840D03376A}.Release|Any CPU.ActiveCfg = Release|Any CPU
		{F018BD3C-2C7B-4D8D-8A99-CD840D03376A}.Release|Any CPU.Build.0 = Release|Any CPU
		{00475AE6-9C00-4100-A736-57FC2CF9589B}.Debug|Any CPU.ActiveCfg = Debug|Any CPU
		{00475AE6-9C00-4100-A736-57FC2CF9589B}.Debug|Any CPU.Build.0 = Debug|Any CPU
		{00475AE6-9C00-4100-A736-57FC2CF9589B}.Release|Any CPU.ActiveCfg = Release|Any CPU
		{00475AE6-9C00-4100-A736-57FC2CF9589B}.Release|Any CPU.Build.0 = Release|Any CPU
	EndGlobalSection
	GlobalSection(SolutionProperties) = preSolution
		HideSolutionNode = FALSE
	EndGlobalSection
EndGlobal
